// !$*UTF8*$!
{
	archiveVersion = 1;
	classes = {
	};
	objectVersion = 46;
	objects = {

/* Begin PBXBuildFile section */
		88BA63D31D9524E200768E94 /* AVFoundation.framework in Frameworks */ = {isa = PBXBuildFile; fileRef = 88BA63D21D9524E200768E94 /* AVFoundation.framework */; };
		88BA63D51D9524E600768E94 /* AVKit.framework in Frameworks */ = {isa = PBXBuildFile; fileRef = 88BA63D41D9524E600768E94 /* AVKit.framework */; };
		88BA63D71D9524EA00768E94 /* CoreTelephony.framework in Frameworks */ = {isa = PBXBuildFile; fileRef = 88BA63D61D9524EA00768E94 /* CoreTelephony.framework */; };
		88BA63D91D9524EF00768E94 /* AdSupport.framework in Frameworks */ = {isa = PBXBuildFile; fileRef = 88BA63D81D9524EF00768E94 /* AdSupport.framework */; };
		88BA63DB1D9524F400768E94 /* libsqlite3.tbd in Frameworks */ = {isa = PBXBuildFile; fileRef = 88BA63DA1D9524F400768E94 /* libsqlite3.tbd */; };
		B736AC5F1E137D8100EEAD21 /* main.m in Sources */ = {isa = PBXBuildFile; fileRef = B736AC5B1E137D8100EEAD21 /* main.m */; };
		B736AC601E137D8100EEAD21 /* Toast.m in Sources */ = {isa = PBXBuildFile; fileRef = B736AC5C1E137D8100EEAD21 /* Toast.m */; };
		B736AC611E137D8100EEAD21 /* ViewController.m in Sources */ = {isa = PBXBuildFile; fileRef = B736AC5D1E137D8100EEAD21 /* ViewController.m */; };
		B736AC631E137DD600EEAD21 /* AppDelegate.m in Sources */ = {isa = PBXBuildFile; fileRef = B736AC621E137DD600EEAD21 /* AppDelegate.m */; };
		B736AC681E137E1300EEAD21 /* AppDelegate.h in Headers */ = {isa = PBXBuildFile; fileRef = B736AC651E137E1300EEAD21 /* AppDelegate.h */; };
		B736AC691E137E1300EEAD21 /* Toast.h in Headers */ = {isa = PBXBuildFile; fileRef = B736AC661E137E1300EEAD21 /* Toast.h */; };
		B736AC6A1E137E1300EEAD21 /* ViewController.h in Headers */ = {isa = PBXBuildFile; fileRef = B736AC671E137E1300EEAD21 /* ViewController.h */; };
		B7DC32CA1E12485F00E0B240 /* Info.plist in Resources */ = {isa = PBXBuildFile; fileRef = B7DC32C91E12485F00E0B240 /* Info.plist */; };
		B7DC32CC1E12486800E0B240 /* Assets.xcassets in Resources */ = {isa = PBXBuildFile; fileRef = B7DC32CB1E12486800E0B240 /* Assets.xcassets */; };
		B7DC32D11E12487F00E0B240 /* LaunchScreen.storyboard in Resources */ = {isa = PBXBuildFile; fileRef = B7DC32CD1E12487F00E0B240 /* LaunchScreen.storyboard */; };
		B7DC32D21E12487F00E0B240 /* Main.storyboard in Resources */ = {isa = PBXBuildFile; fileRef = B7DC32CF1E12487F00E0B240 /* Main.storyboard */; };
		B7DC32E61E12530400E0B240 /* viscuitSDK.framework in Frameworks */ = {isa = PBXBuildFile; fileRef = B7DC32E51E12530400E0B240 /* viscuitSDK.framework */; };
		B7DC32E71E12530400E0B240 /* viscuitSDK.framework in Embed Frameworks */ = {isa = PBXBuildFile; fileRef = B7DC32E51E12530400E0B240 /* viscuitSDK.framework */; settings = {ATTRIBUTES = (CodeSignOnCopy, RemoveHeadersOnCopy, ); }; };
		B7DC32E91E12643500E0B240 /* SystemConfiguration.framework in Frameworks */ = {isa = PBXBuildFile; fileRef = 88BA63DC1D9524F900768E94 /* SystemConfiguration.framework */; };
/* End PBXBuildFile section */

/* Begin PBXCopyFilesBuildPhase section */
		B7DC32E41E12527300E0B240 /* Embed Frameworks */ = {
			isa = PBXCopyFilesBuildPhase;
			buildActionMask = 2147483647;
			dstPath = "";
			dstSubfolderSpec = 10;
			files = (
				B7DC32E71E12530400E0B240 /* viscuitSDK.framework in Embed Frameworks */,
			);
			name = "Embed Frameworks";
			runOnlyForDeploymentPostprocessing = 0;
		};
/* End PBXCopyFilesBuildPhase section */

/* Begin PBXFileReference section */
		88AA89DD1D950F0900E3A83B /* viscuitSDK_Sample.app */ = {isa = PBXFileReference; explicitFileType = wrapper.application; includeInIndex = 0; path = viscuitSDK_Sample.app; sourceTree = BUILT_PRODUCTS_DIR; };
		88BA63D21D9524E200768E94 /* AVFoundation.framework */ = {isa = PBXFileReference; lastKnownFileType = wrapper.framework; name = AVFoundation.framework; path = System/Library/Frameworks/AVFoundation.framework; sourceTree = SDKROOT; };
		88BA63D41D9524E600768E94 /* AVKit.framework */ = {isa = PBXFileReference; lastKnownFileType = wrapper.framework; name = AVKit.framework; path = System/Library/Frameworks/AVKit.framework; sourceTree = SDKROOT; };
		88BA63D61D9524EA00768E94 /* CoreTelephony.framework */ = {isa = PBXFileReference; lastKnownFileType = wrapper.framework; name = CoreTelephony.framework; path = System/Library/Frameworks/CoreTelephony.framework; sourceTree = SDKROOT; };
		88BA63D81D9524EF00768E94 /* AdSupport.framework */ = {isa = PBXFileReference; lastKnownFileType = wrapper.framework; name = AdSupport.framework; path = System/Library/Frameworks/AdSupport.framework; sourceTree = SDKROOT; };
		88BA63DA1D9524F400768E94 /* libsqlite3.tbd */ = {isa = PBXFileReference; lastKnownFileType = "sourcecode.text-based-dylib-definition"; name = libsqlite3.tbd; path = usr/lib/libsqlite3.tbd; sourceTree = SDKROOT; };
		88BA63DC1D9524F900768E94 /* SystemConfiguration.framework */ = {isa = PBXFileReference; lastKnownFileType = wrapper.framework; name = SystemConfiguration.framework; path = System/Library/Frameworks/SystemConfiguration.framework; sourceTree = SDKROOT; };
		B736AC5B1E137D8100EEAD21 /* main.m */ = {isa = PBXFileReference; lastKnownFileType = sourcecode.c.objc; name = main.m; path = viscuitSDK_Sample/main.m; sourceTree = "<group>"; };
		B736AC5C1E137D8100EEAD21 /* Toast.m */ = {isa = PBXFileReference; lastKnownFileType = sourcecode.c.objc; name = Toast.m; path = viscuitSDK_Sample/Toast.m; sourceTree = "<group>"; };
		B736AC5D1E137D8100EEAD21 /* ViewController.m */ = {isa = PBXFileReference; lastKnownFileType = sourcecode.c.objc; name = ViewController.m; path = viscuitSDK_Sample/ViewController.m; sourceTree = "<group>"; };
		B736AC621E137DD600EEAD21 /* AppDelegate.m */ = {isa = PBXFileReference; lastKnownFileType = sourcecode.c.objc; name = AppDelegate.m; path = viscuitSDK_Sample/AppDelegate.m; sourceTree = "<group>"; };
		B736AC651E137E1300EEAD21 /* AppDelegate.h */ = {isa = PBXFileReference; lastKnownFileType = sourcecode.c.h; name = AppDelegate.h; path = viscuitSDK_Sample/AppDelegate.h; sourceTree = "<group>"; };
		B736AC661E137E1300EEAD21 /* Toast.h */ = {isa = PBXFileReference; lastKnownFileType = sourcecode.c.h; name = Toast.h; path = viscuitSDK_Sample/Toast.h; sourceTree = "<group>"; };
		B736AC671E137E1300EEAD21 /* ViewController.h */ = {isa = PBXFileReference; lastKnownFileType = sourcecode.c.h; name = ViewController.h; path = viscuitSDK_Sample/ViewController.h; sourceTree = "<group>"; };
		B7DC32C91E12485F00E0B240 /* Info.plist */ = {isa = PBXFileReference; fileEncoding = 4; lastKnownFileType = text.plist.xml; name = Info.plist; path = viscuitSDK_Sample/Info.plist; sourceTree = SOURCE_ROOT; };
		B7DC32CB1E12486800E0B240 /* Assets.xcassets */ = {isa = PBXFileReference; lastKnownFileType = folder.assetcatalog; name = Assets.xcassets; path = viscuitSDK_Sample/Assets.xcassets; sourceTree = SOURCE_ROOT; };
		B7DC32CE1E12487F00E0B240 /* Base */ = {isa = PBXFileReference; lastKnownFileType = file.storyboard; name = Base; path = viscuitSDK_Sample/Base.lproj/LaunchScreen.storyboard; sourceTree = SOURCE_ROOT; };
		B7DC32D01E12487F00E0B240 /* Base */ = {isa = PBXFileReference; lastKnownFileType = file.storyboard; name = Base; path = viscuitSDK_Sample/Base.lproj/Main.storyboard; sourceTree = SOURCE_ROOT; };
		B7DC32DA1E124CDE00E0B240 /* viscuitSDK.framework */ = {isa = PBXFileReference; lastKnownFileType = wrapper.framework; name = viscuitSDK.framework; path = viscuitSDK_Sample/viscuitSDK.framework; sourceTree = "<group>"; };
		B7DC32E51E12530400E0B240 /* viscuitSDK.framework */ = {isa = PBXFileReference; lastKnownFileType = wrapper.framework; name = viscuitSDK.framework; path = viscuitSDK_Sample/viscuitSDK.framework; sourceTree = "<group>"; };
/* End PBXFileReference section */

/* Begin PBXFrameworksBuildPhase section */
		88AA89DA1D950F0900E3A83B /* Frameworks */ = {
			isa = PBXFrameworksBuildPhase;
			buildActionMask = 2147483647;
			files = (
				B7DC32E91E12643500E0B240 /* SystemConfiguration.framework in Frameworks */,
				B7DC32E61E12530400E0B240 /* viscuitSDK.framework in Frameworks */,
				88BA63DB1D9524F400768E94 /* libsqlite3.tbd in Frameworks */,
				88BA63D91D9524EF00768E94 /* AdSupport.framework in Frameworks */,
				88BA63D71D9524EA00768E94 /* CoreTelephony.framework in Frameworks */,
				88BA63D51D9524E600768E94 /* AVKit.framework in Frameworks */,
				88BA63D31D9524E200768E94 /* AVFoundation.framework in Frameworks */,
			);
			runOnlyForDeploymentPostprocessing = 0;
		};
/* End PBXFrameworksBuildPhase section */

/* Begin PBXGroup section */
		88AA89D41D950F0900E3A83B = {
			isa = PBXGroup;
			children = (
				B736AC651E137E1300EEAD21 /* AppDelegate.h */,
				B736AC621E137DD600EEAD21 /* AppDelegate.m */,
				B736AC661E137E1300EEAD21 /* Toast.h */,
				B736AC5C1E137D8100EEAD21 /* Toast.m */,
				B736AC671E137E1300EEAD21 /* ViewController.h */,
				B736AC5D1E137D8100EEAD21 /* ViewController.m */,
				B736AC5B1E137D8100EEAD21 /* main.m */,
				B7DC32E51E12530400E0B240 /* viscuitSDK.framework */,
				88AA89DF1D950F0900E3A83B /* viscuitSDK_Sample */,
				88AA89DE1D950F0900E3A83B /* Products */,
				88BA63D11D9524E100768E94 /* Frameworks */,
			);
			sourceTree = "<group>";
		};
		88AA89DE1D950F0900E3A83B /* Products */ = {
			isa = PBXGroup;
			children = (
				88AA89DD1D950F0900E3A83B /* viscuitSDK_Sample.app */,
			);
			name = Products;
			sourceTree = "<group>";
		};
		88AA89DF1D950F0900E3A83B /* viscuitSDK_Sample */ = {
			isa = PBXGroup;
			children = (
				B736AC641E137DE300EEAD21 /* src */,
				B7DC32CD1E12487F00E0B240 /* LaunchScreen.storyboard */,
				B7DC32CF1E12487F00E0B240 /* Main.storyboard */,
				B7DC32CB1E12486800E0B240 /* Assets.xcassets */,
				B7DC32C91E12485F00E0B240 /* Info.plist */,
				88AA89E01D950F0900E3A83B /* Supporting Files */,
			);
			name = viscuitSDK_Sample;
			path = viscuitSDK_Sample_1.1.0;
			sourceTree = "<group>";
		};
		88AA89E01D950F0900E3A83B /* Supporting Files */ = {
			isa = PBXGroup;
			children = (
			);
			name = "Supporting Files";
			sourceTree = "<group>";
		};
		88BA63D11D9524E100768E94 /* Frameworks */ = {
			isa = PBXGroup;
			children = (
				B7DC32DA1E124CDE00E0B240 /* viscuitSDK.framework */,
				88BA63DC1D9524F900768E94 /* SystemConfiguration.framework */,
				88BA63DA1D9524F400768E94 /* libsqlite3.tbd */,
				88BA63D81D9524EF00768E94 /* AdSupport.framework */,
				88BA63D61D9524EA00768E94 /* CoreTelephony.framework */,
				88BA63D41D9524E600768E94 /* AVKit.framework */,
				88BA63D21D9524E200768E94 /* AVFoundation.framework */,
			);
			name = Frameworks;
			sourceTree = "<group>";
		};
		B736AC641E137DE300EEAD21 /* src */ = {
			isa = PBXGroup;
			children = (
			);
			name = src;
			sourceTree = "<group>";
		};
/* End PBXGroup section */

/* Begin PBXHeadersBuildPhase section */
		B7DC32D61E124C5E00E0B240 /* Headers */ = {
			isa = PBXHeadersBuildPhase;
			buildActionMask = 2147483647;
			files = (
				B736AC681E137E1300EEAD21 /* AppDelegate.h in Headers */,
				B736AC691E137E1300EEAD21 /* Toast.h in Headers */,
				B736AC6A1E137E1300EEAD21 /* ViewController.h in Headers */,
			);
			runOnlyForDeploymentPostprocessing = 0;
		};
/* End PBXHeadersBuildPhase section */

/* Begin PBXNativeTarget section */
		88AA89DC1D950F0900E3A83B /* viscuitSDK_Sample */ = {
			isa = PBXNativeTarget;
			buildConfigurationList = 88AA89F41D950F0900E3A83B /* Build configuration list for PBXNativeTarget "viscuitSDK_Sample" */;
			buildPhases = (
				88AA89D91D950F0900E3A83B /* Sources */,
				88AA89DA1D950F0900E3A83B /* Frameworks */,
				88AA89DB1D950F0900E3A83B /* Resources */,
				B7DC32D61E124C5E00E0B240 /* Headers */,
				B7DC32E41E12527300E0B240 /* Embed Frameworks */,
			);
			buildRules = (
			);
			dependencies = (
			);
			name = viscuitSDK_Sample;
			productName = viscuitSDK_Sample_1.1.0;
			productReference = 88AA89DD1D950F0900E3A83B /* viscuitSDK_Sample.app */;
			productType = "com.apple.product-type.application";
		};
/* End PBXNativeTarget section */

/* Begin PBXProject section */
		88AA89D51D950F0900E3A83B /* Project object */ = {
			isa = PBXProject;
			attributes = {
				LastUpgradeCheck = 0800;
				ORGANIZATIONNAME = "seokjun lee";
				TargetAttributes = {
					88AA89DC1D950F0900E3A83B = {
						CreatedOnToolsVersion = 8.0;
						DevelopmentTeam = 3YE7K4KCGM;
						ProvisioningStyle = Automatic;
					};
				};
			};
			buildConfigurationList = 88AA89D81D950F0900E3A83B /* Build configuration list for PBXProject "viscuitSDK_Sample" */;
			compatibilityVersion = "Xcode 3.2";
			developmentRegion = English;
			hasScannedForEncodings = 0;
			knownRegions = (
				en,
				Base,
			);
			mainGroup = 88AA89D41D950F0900E3A83B;
			productRefGroup = 88AA89DE1D950F0900E3A83B /* Products */;
			projectDirPath = "";
			projectRoot = "";
			targets = (
				88AA89DC1D950F0900E3A83B /* viscuitSDK_Sample */,
			);
		};
/* End PBXProject section */

/* Begin PBXResourcesBuildPhase section */
		88AA89DB1D950F0900E3A83B /* Resources */ = {
			isa = PBXResourcesBuildPhase;
			buildActionMask = 2147483647;
			files = (
				B7DC32D11E12487F00E0B240 /* LaunchScreen.storyboard in Resources */,
				B7DC32CC1E12486800E0B240 /* Assets.xcassets in Resources */,
				B7DC32CA1E12485F00E0B240 /* Info.plist in Resources */,
				B7DC32D21E12487F00E0B240 /* Main.storyboard in Resources */,
			);
			runOnlyForDeploymentPostprocessing = 0;
		};
/* End PBXResourcesBuildPhase section */

/* Begin PBXSourcesBuildPhase section */
		88AA89D91D950F0900E3A83B /* Sources */ = {
			isa = PBXSourcesBuildPhase;
			buildActionMask = 2147483647;
			files = (
				B736AC631E137DD600EEAD21 /* AppDelegate.m in Sources */,
				B736AC5F1E137D8100EEAD21 /* main.m in Sources */,
				B736AC601E137D8100EEAD21 /* Toast.m in Sources */,
				B736AC611E137D8100EEAD21 /* ViewController.m in Sources */,
			);
			runOnlyForDeploymentPostprocessing = 0;
		};
/* End PBXSourcesBuildPhase section */

/* Begin PBXVariantGroup section */
		B7DC32CD1E12487F00E0B240 /* LaunchScreen.storyboard */ = {
			isa = PBXVariantGroup;
			children = (
				B7DC32CE1E12487F00E0B240 /* Base */,
			);
			name = LaunchScreen.storyboard;
			sourceTree = "<group>";
		};
		B7DC32CF1E12487F00E0B240 /* Main.storyboard */ = {
			isa = PBXVariantGroup;
			children = (
				B7DC32D01E12487F00E0B240 /* Base */,
			);
			name = Main.storyboard;
			sourceTree = "<group>";
		};
/* End PBXVariantGroup section */

/* Begin XCBuildConfiguration section */
		88AA89F21D950F0900E3A83B /* Debug */ = {
			isa = XCBuildConfiguration;
			buildSettings = {
				ALWAYS_SEARCH_USER_PATHS = NO;
				ARCHS = "$(ARCHS_STANDARD)";
				CLANG_ALLOW_NON_MODULAR_INCLUDES_IN_FRAMEWORK_MODULES = YES;
				CLANG_ANALYZER_NONNULL = YES;
				CLANG_CXX_LANGUAGE_STANDARD = "gnu++0x";
				CLANG_CXX_LIBRARY = "libc++";
				CLANG_ENABLE_MODULES = YES;
				CLANG_ENABLE_OBJC_ARC = YES;
				CLANG_WARN_BOOL_CONVERSION = YES;
				CLANG_WARN_CONSTANT_CONVERSION = YES;
				CLANG_WARN_DIRECT_OBJC_ISA_USAGE = YES_ERROR;
				CLANG_WARN_DOCUMENTATION_COMMENTS = YES;
				CLANG_WARN_EMPTY_BODY = YES;
				CLANG_WARN_ENUM_CONVERSION = YES;
				CLANG_WARN_INFINITE_RECURSION = YES;
				CLANG_WARN_INT_CONVERSION = YES;
				CLANG_WARN_OBJC_ROOT_CLASS = YES_ERROR;
				CLANG_WARN_SUSPICIOUS_MOVES = YES;
				CLANG_WARN_UNREACHABLE_CODE = YES;
				CLANG_WARN__DUPLICATE_METHOD_MATCH = YES;
				"CODE_SIGN_IDENTITY[sdk=iphoneos*]" = "iPhone Developer";
				COPY_PHASE_STRIP = NO;
				DEBUG_INFORMATION_FORMAT = dwarf;
				ENABLE_STRICT_OBJC_MSGSEND = YES;
				ENABLE_TESTABILITY = YES;
				GCC_C_LANGUAGE_STANDARD = gnu99;
				GCC_DYNAMIC_NO_PIC = NO;
				GCC_NO_COMMON_BLOCKS = YES;
				GCC_OPTIMIZATION_LEVEL = 0;
				GCC_PREPROCESSOR_DEFINITIONS = (
					"DEBUG=1",
					"$(inherited)",
				);
				GCC_WARN_64_TO_32_BIT_CONVERSION = YES;
				GCC_WARN_ABOUT_RETURN_TYPE = YES_ERROR;
				GCC_WARN_UNDECLARED_SELECTOR = YES;
				GCC_WARN_UNINITIALIZED_AUTOS = YES_AGGRESSIVE;
				GCC_WARN_UNUSED_FUNCTION = YES;
				GCC_WARN_UNUSED_VARIABLE = YES;
				IPHONEOS_DEPLOYMENT_TARGET = 10.0;
				MTL_ENABLE_DEBUG_INFO = YES;
				ONLY_ACTIVE_ARCH = YES;
				SDKROOT = iphoneos10.0;
				TARGETED_DEVICE_FAMILY = "1,2";
				VALID_ARCHS = "arm64 armv7 armv7s";
			};
			name = Debug;
		};
		88AA89F31D950F0900E3A83B /* Release */ = {
			isa = XCBuildConfiguration;
			buildSettings = {
				ALWAYS_SEARCH_USER_PATHS = NO;
				ARCHS = "$(ARCHS_STANDARD)";
				CLANG_ALLOW_NON_MODULAR_INCLUDES_IN_FRAMEWORK_MODULES = YES;
				CLANG_ANALYZER_NONNULL = YES;
				CLANG_CXX_LANGUAGE_STANDARD = "gnu++0x";
				CLANG_CXX_LIBRARY = "libc++";
				CLANG_ENABLE_MODULES = YES;
				CLANG_ENABLE_OBJC_ARC = YES;
				CLANG_WARN_BOOL_CONVERSION = YES;
				CLANG_WARN_CONSTANT_CONVERSION = YES;
				CLANG_WARN_DIRECT_OBJC_ISA_USAGE = YES_ERROR;
				CLANG_WARN_DOCUMENTATION_COMMENTS = YES;
				CLANG_WARN_EMPTY_BODY = YES;
				CLANG_WARN_ENUM_CONVERSION = YES;
				CLANG_WARN_INFINITE_RECURSION = YES;
				CLANG_WARN_INT_CONVERSION = YES;
				CLANG_WARN_OBJC_ROOT_CLASS = YES_ERROR;
				CLANG_WARN_SUSPICIOUS_MOVES = YES;
				CLANG_WARN_UNREACHABLE_CODE = YES;
				CLANG_WARN__DUPLICATE_METHOD_MATCH = YES;
				"CODE_SIGN_IDENTITY[sdk=iphoneos*]" = "iPhone Developer";
				COPY_PHASE_STRIP = NO;
				DEBUG_INFORMATION_FORMAT = "dwarf-with-dsym";
				ENABLE_NS_ASSERTIONS = NO;
				ENABLE_STRICT_OBJC_MSGSEND = YES;
				GCC_C_LANGUAGE_STANDARD = gnu99;
				GCC_NO_COMMON_BLOCKS = YES;
				GCC_WARN_64_TO_32_BIT_CONVERSION = YES;
				GCC_WARN_ABOUT_RETURN_TYPE = YES_ERROR;
				GCC_WARN_UNDECLARED_SELECTOR = YES;
				GCC_WARN_UNINITIALIZED_AUTOS = YES_AGGRESSIVE;
				GCC_WARN_UNUSED_FUNCTION = YES;
				GCC_WARN_UNUSED_VARIABLE = YES;
				IPHONEOS_DEPLOYMENT_TARGET = 10.0;
				MTL_ENABLE_DEBUG_INFO = NO;
				SDKROOT = iphoneos10.0;
				TARGETED_DEVICE_FAMILY = "1,2";
				VALIDATE_PRODUCT = YES;
				VALID_ARCHS = "arm64 armv7 armv7s";
			};
			name = Release;
		};
		88AA89F51D950F0900E3A83B /* Debug */ = {
			isa = XCBuildConfiguration;
			buildSettings = {
				ASSETCATALOG_COMPILER_APPICON_NAME = AppIcon;
				CLANG_ALLOW_NON_MODULAR_INCLUDES_IN_FRAMEWORK_MODULES = YES;
				CLANG_CXX_LIBRARY = "libc++";
				DEVELOPMENT_TEAM = 3YE7K4KCGM;
				FRAMEWORK_SEARCH_PATHS = (
					"$(inherited)",
					"$(PROJECT_DIR)/viscuitSDK_Sample_1.1.0",
					"$(PROJECT_DIR)/viscuit_framework/Debug-iphonesimulator",
					"$(PROJECT_DIR)/viscuit_framework",
					"$(PROJECT_DIR)/viscuitSDK_Sample",
				);
				INFOPLIST_FILE = "$(SRCROOT)/viscuitSDK_Sample/Info.plist";
				IPHONEOS_DEPLOYMENT_TARGET = 8.0;
				LD_RUNPATH_SEARCH_PATHS = "$(inherited) @executable_path/Frameworks";
				ONLY_ACTIVE_ARCH = YES;
				PRODUCT_BUNDLE_IDENTIFIER = "wcorp.viscuitSDK-Sample";
				PRODUCT_NAME = "$(TARGET_NAME)";
				SDKROOT = iphoneos;
			};
			name = Debug;
		};
		88AA89F61D950F0900E3A83B /* Release */ = {
			isa = XCBuildConfiguration;
			buildSettings = {
				ASSETCATALOG_COMPILER_APPICON_NAME = AppIcon;
				CLANG_ALLOW_NON_MODULAR_INCLUDES_IN_FRAMEWORK_MODULES = YES;
				CLANG_CXX_LIBRARY = "libc++";
				DEVELOPMENT_TEAM = 3YE7K4KCGM;
				FRAMEWORK_SEARCH_PATHS = (
					"$(inherited)",
					"$(PROJECT_DIR)/viscuitSDK_Sample_1.1.0",
					"$(PROJECT_DIR)/viscuit_framework/Debug-iphonesimulator",
					"$(PROJECT_DIR)/viscuit_framework",
					"$(PROJECT_DIR)/viscuitSDK_Sample",
				);
				INFOPLIST_FILE = "$(SRCROOT)/viscuitSDK_Sample/Info.plist";
				IPHONEOS_DEPLOYMENT_TARGET = 8.0;
				LD_RUNPATH_SEARCH_PATHS = "$(inherited) @executable_path/Frameworks";
				ONLY_ACTIVE_ARCH = NO;
				PRODUCT_BUNDLE_IDENTIFIER = "wcorp.viscuitSDK-Sample";
				PRODUCT_NAME = "$(TARGET_NAME)";
				SDKROOT = iphoneos;
			};
			name = Release;
		};
/* End XCBuildConfiguration section */

/* Begin XCConfigurationList section */
		88AA89D81D950F0900E3A83B /* Build configuration list for PBXProject "viscuitSDK_Sample" */ = {
			isa = XCConfigurationList;
			buildConfigurations = (
				88AA89F21D950F0900E3A83B /* Debug */,
				88AA89F31D950F0900E3A83B /* Release */,
			);
			defaultConfigurationIsVisible = 0;
			defaultConfigurationName = Release;
		};
		88AA89F41D950F0900E3A83B /* Build configuration list for PBXNativeTarget "viscuitSDK_Sample" */ = {
			isa = XCConfigurationList;
			buildConfigurations = (
				88AA89F51D950F0900E3A83B /* Debug */,
				88AA89F61D950F0900E3A83B /* Release */,
			);
			defaultConfigurationIsVisible = 0;
			defaultConfigurationName = Release;
		};
/* End XCConfigurationList section */
	};
	rootObject = 88AA89D51D950F0900E3A83B /* Project object */;
}
